# THIS IS AN AUTOGENERATED FILE. DO NOT EDIT THIS FILE DIRECTLY.
# yarn lockfile v1


adverb-where@~0.0.0:
  version "0.0.9"
  resolved "https://registry.yarnpkg.com/adverb-where/-/adverb-where-0.0.9.tgz#09c5cddd8d503b9fe5f76e0b8dc5c70a8f193e34"

co@3.1.0:
  version "3.1.0"
  resolved "https://registry.yarnpkg.com/co/-/co-3.1.0.tgz#4ea54ea5a08938153185e15210c68d9092bc1b78"

define-properties@^1.1.2:
  version "1.1.2"
  resolved "https://registry.yarnpkg.com/define-properties/-/define-properties-1.1.2.tgz#83a73f2fea569898fb737193c8f873caf6d45c94"
  dependencies:
    foreach "^2.0.5"
    object-keys "^1.0.8"

e-prime@~0.10.0:
  version "0.10.1"
  resolved "https://registry.yarnpkg.com/e-prime/-/e-prime-0.10.1.tgz#5ed8370fd72d4e54432bcb85bdfa5a339d985557"

foreach@^2.0.5:
  version "2.0.5"
  resolved "https://registry.yarnpkg.com/foreach/-/foreach-2.0.5.tgz#0bee005018aeb260d0a3af3ae658dd0136ec1b99"

function-bind@^1.1.0:
  version "1.1.0"
  resolved "https://registry.yarnpkg.com/function-bind/-/function-bind-1.1.0.tgz#16176714c801798e4e8f2cf7f7529467bb4a5771"

nlcst-to-string@^2.0.0:
  version "2.0.0"
  resolved "https://registry.yarnpkg.com/nlcst-to-string/-/nlcst-to-string-2.0.0.tgz#fc9606b8c32d17caa827074f6ea44f83e3c7bd71"

no-cliches@~0.1.0:
  version "0.1.0"
  resolved "https://registry.yarnpkg.com/no-cliches/-/no-cliches-0.1.0.tgz#f4eb81a551fecde813f8c611e35e64a5118dc38c"

object-keys@^1.0.10, object-keys@^1.0.8:
  version "1.0.11"
  resolved "https://registry.yarnpkg.com/object-keys/-/object-keys-1.0.11.tgz#c54601778ad560f1142ce0e01bcca8b56d13426d"

object.assign@^4.0.4:
  version "4.0.4"
  resolved "https://registry.yarnpkg.com/object.assign/-/object.assign-4.0.4.tgz#b1c9cc044ef1b9fe63606fc141abbb32e14730cc"
  dependencies:
    define-properties "^1.1.2"
    function-bind "^1.1.0"
    object-keys "^1.0.10"

passive-voice@~0.0.0:
  version "0.0.1"
  resolved "https://registry.yarnpkg.com/passive-voice/-/passive-voice-0.0.1.tgz#6a9e1fbc1ca74b57ac35f0fcf8abb450bfca2ac8"

sliced@^1.0.1:
  version "1.0.1"
  resolved "https://registry.yarnpkg.com/sliced/-/sliced-1.0.1.tgz#0b3a662b5d04c3177b1926bea82b03f837a2ef41"

too-wordy@~0.1.0:
  version "0.1.4"
  resolved "https://registry.yarnpkg.com/too-wordy/-/too-wordy-0.1.4.tgz#8e7b20a7b7a4d8fc3759f4e00c4929993d1b12f0"

unified-lint-rule@^1.0.1:
  version "1.0.1"
  resolved "https://registry.yarnpkg.com/unified-lint-rule/-/unified-lint-rule-1.0.1.tgz#1bf733d40e667bf1915c7156a83663ed00666c57"
  dependencies:
    wrapped "^1.0.1"

unist-util-visit@^1.1.1:
  version "1.1.1"
  resolved "https://registry.yarnpkg.com/unist-util-visit/-/unist-util-visit-1.1.1.tgz#e917a3b137658b335cb4420c7da2e74d928e4e94"

weasel-words@~0.1.0:
  version "0.1.1"
  resolved "https://registry.yarnpkg.com/weasel-words/-/weasel-words-0.1.1.tgz#7137946585c73fe44882013853bd000c5d687a4e"

wrapped@^1.0.1:
  version "1.0.1"
  resolved "https://registry.yarnpkg.com/wrapped/-/wrapped-1.0.1.tgz#c783d9d807b273e9b01e851680a938c87c907242"
  dependencies:
    co "3.1.0"
    sliced "^1.0.1"

write-good@^0.11.1:
  version "0.11.1"
  resolved "https://registry.yarnpkg.com/write-good/-/write-good-0.11.1.tgz#d244509c164e0b970746da64044b55a2473b5a9f"
  dependencies:
    adverb-where "~0.0.0"
    e-prime "~0.10.0"
    no-cliches "~0.1.0"
    object.assign "^4.0.4"
    passive-voice "~0.0.0"
    too-wordy "~0.1.0"
    weasel-words "~0.1.0"
